PODS:
  - Alamofire (5.9.1)
  - KakaoMapsSDK (2.10.4)
  - KakaoSDK (2.22.6):
    - KakaoSDKAuth (= 2.22.6)
    - KakaoSDKCert (= 2.22.6)
    - KakaoSDKCommon (= 2.22.6)
    - KakaoSDKFriend (= 2.22.6)
    - KakaoSDKNavi (= 2.22.6)
    - KakaoSDKShare (= 2.22.6)
    - KakaoSDKTalk (= 2.22.6)
    - KakaoSDKTemplate (= 2.22.6)
    - KakaoSDKUser (= 2.22.6)
  - KakaoSDKAuth (2.22.6):
    - KakaoSDKCommon (= 2.22.6)
  - KakaoSDKCert (2.22.6):
    - KakaoSDKCertCore (= 2.22.6)
    - KakaoSDKUser (= 2.22.6)
  - KakaoSDKCertCore (2.22.6)
  - KakaoSDKCommon (2.22.6):
    - KakaoSDKCommon/Common (= 2.22.6)
    - KakaoSDKCommon/Network (= 2.22.6)
  - KakaoSDKCommon/Common (2.22.6)
  - KakaoSDKCommon/Network (2.22.6):
    - Alamofire (~> 5.9.0)
    - KakaoSDKCommon/Common (= 2.22.6)
  - KakaoSDKFriend (2.22.6):
    - KakaoSDKFriendCore (= 2.22.6)
    - KakaoSDKUser (= 2.22.6)
  - KakaoSDKFriendCore (2.22.6)
  - KakaoSDKNavi (2.22.6):
    - KakaoSDKCommon/Common (= 2.22.6)
  - KakaoSDKShare (2.22.6):
    - KakaoSDKCommon (= 2.22.6)
    - KakaoSDKTemplate (= 2.22.6)
  - KakaoSDKTalk (2.22.6):
    - KakaoSDKTemplate (= 2.22.6)
    - KakaoSDKUser (= 2.22.6)
  - KakaoSDKTemplate (2.22.6):
    - KakaoSDKCommon/Common (= 2.22.6)
  - KakaoSDKUser (2.22.6):
    - KakaoSDKAuth (= 2.22.6)
  - KeychainAccess (4.2.2)
  - Kingfisher (7.12.0)
  - Moya (15.0.0):
    - Moya/Core (= 15.0.0)
  - Moya/Core (15.0.0):
    - Alamofire (~> 5.0)
  - SnapKit (5.7.1)
  - SwiftLint (0.57.0)

DEPENDENCIES:
  - Alamofire
  - KakaoMapsSDK
  - KakaoSDK
  - KeychainAccess
  - Kingfisher (~> 7.0)
  - Moya
  - SnapKit
  - SwiftLint

SPEC REPOS:
  https://github.com/CocoaPods/Specs.git:
    - Alamofire
    - KakaoMapsSDK
    - KakaoSDK
    - KakaoSDKAuth
    - KakaoSDKCert
    - KakaoSDKCertCore
    - KakaoSDKCommon
    - KakaoSDKFriend
    - KakaoSDKFriendCore
    - KakaoSDKNavi
    - KakaoSDKShare
    - KakaoSDKTalk
    - KakaoSDKTemplate
    - KakaoSDKUser
    - KeychainAccess
    - Kingfisher
    - Moya
    - SnapKit
    - SwiftLint

SPEC CHECKSUMS:
  Alamofire: f36a35757af4587d8e4f4bfa223ad10be2422b8c
  KakaoMapsSDK: 6ceb9740762945bcefb1cdb61123e48abf6e6a5d
  KakaoSDK: 59a2729b7c2a08b83b436e3fd60870f12b86e7d6
  KakaoSDKAuth: 043c0ffb894ea03eeda35f06f836a138912e6c3c
  KakaoSDKCert: 06ff7c8717fb9c2f6f7f536e9087cd65a04a7cc3
  KakaoSDKCertCore: 15a8f9fec070b725842dc42262cbd40d83a6fc85
  KakaoSDKCommon: 52b497061c1aae8e2c45990aba75fd91fc4b815f
  KakaoSDKFriend: 6af93789c2ecad502dcba8653bc975dd0b2fabcb
  KakaoSDKFriendCore: 509b795ab4e10f455281b06a7ee89b6245f7305b
  KakaoSDKNavi: a5563461a755082fe184fc99a32d4e183a484f96
  KakaoSDKShare: 9b99a63e7e455d05679a7010e04f715b7698392e
  KakaoSDKTalk: 347caa21cf3b93f26237d3f2f592fd291f3b7523
  KakaoSDKTemplate: 341018b73086f2044757d38afd40b41d1c4dedd1
  KakaoSDKUser: 1adf80a8b5ca3f144c4d55fb8eb207f59d1c6b0c
  KeychainAccess: c0c4f7f38f6fc7bbe58f5702e25f7bd2f65abf51
  Kingfisher: 53a10ea35051a436b5fb626ca2dd8f3144d755e9
  Moya: 138f0573e53411fb3dc17016add0b748dfbd78ee
  SnapKit: d612e99e678a2d3b95bf60b0705ed0a35c03484a
  SwiftLint: eb47480d47c982481592c195c221d11013a679cc

PODFILE CHECKSUM: fcd78b3f1ee6e6e15e65a2a11a4836b107490e13

COCOAPODS: 1.16.2
