PODS:
  - Alamofire (5.9.1)
  - SwiftLint (0.55.1)

DEPENDENCIES:
  - Alamofire
  - SwiftLint

SPEC REPOS:
  trunk:
    - Alamofire
    - SwiftLint

SPEC CHECKSUMS:
  Alamofire: f36a35757af4587d8e4f4bfa223ad10be2422b8c
  SwiftLint: 3fe909719babe5537c552ee8181c0031392be933

PODFILE CHECKSUM: 45e7d6100bb66689bf30920aa4af2d4b503907ef

COCOAPODS: 1.15.2
