// !$*UTF8*$!
{
	archiveVersion = 1;
	classes = {
	};
	objectVersion = 56;
	objects = {

/* Begin PBXBuildFile section */
		9953583D2C00C555005BF799 /* AppDelegate.swift in Sources */ = {isa = PBXBuildFile; fileRef = 9953583C2C00C555005BF799 /* AppDelegate.swift */; };
		9953583F2C00C555005BF799 /* SceneDelegate.swift in Sources */ = {isa = PBXBuildFile; fileRef = 9953583E2C00C555005BF799 /* SceneDelegate.swift */; };
		995358412C00C555005BF799 /* LoginViewController.swift in Sources */ = {isa = PBXBuildFile; fileRef = 995358402C00C555005BF799 /* LoginViewController.swift */; };
		995358472C00C555005BF799 /* Where_Are_You.xcdatamodeld in Sources */ = {isa = PBXBuildFile; fileRef = 995358452C00C555005BF799 /* Where_Are_You.xcdatamodeld */; };
		995358492C00C558005BF799 /* Assets.xcassets in Resources */ = {isa = PBXBuildFile; fileRef = 995358482C00C558005BF799 /* Assets.xcassets */; };
		9953584C2C00C558005BF799 /* Base in Resources */ = {isa = PBXBuildFile; fileRef = 9953584B2C00C558005BF799 /* Base */; };
		995358552C00DB0A005BF799 /* .swiftlint.yml in Resources */ = {isa = PBXBuildFile; fileRef = 995358542C00DB0A005BF799 /* .swiftlint.yml */; };
		99C9B2292C0197CA008D7CBD /* User.swift in Sources */ = {isa = PBXBuildFile; fileRef = 99C9B2282C0197CA008D7CBD /* User.swift */; };
		99C9B22C2C019C67008D7CBD /* LoginView.swift in Sources */ = {isa = PBXBuildFile; fileRef = 99C9B22B2C019C67008D7CBD /* LoginView.swift */; };
		99C9B2322C01A45C008D7CBD /* Extensions.swift in Sources */ = {isa = PBXBuildFile; fileRef = 99C9B2312C01A45C008D7CBD /* Extensions.swift */; };
		99C9B23D2C01ACBE008D7CBD /* Ttangsbudaejjigae-Medium.otf in Resources */ = {isa = PBXBuildFile; fileRef = 99C9B23A2C01ACBE008D7CBD /* Ttangsbudaejjigae-Medium.otf */; };
		99C9B23E2C01ACBE008D7CBD /* Ttangsbudaejjigae-Bold.otf in Resources */ = {isa = PBXBuildFile; fileRef = 99C9B23B2C01ACBE008D7CBD /* Ttangsbudaejjigae-Bold.otf */; };
		99C9B23F2C01ACBE008D7CBD /* Ttangsbudaejjigae-Light.otf in Resources */ = {isa = PBXBuildFile; fileRef = 99C9B23C2C01ACBE008D7CBD /* Ttangsbudaejjigae-Light.otf */; };
		99C9B2422C01CE4C008D7CBD /* LoginViewModel.swift in Sources */ = {isa = PBXBuildFile; fileRef = 99C9B2412C01CE4C008D7CBD /* LoginViewModel.swift */; };
		99C9B2482C01D2B7008D7CBD /* Utilities.swift in Sources */ = {isa = PBXBuildFile; fileRef = 99C9B2472C01D2B7008D7CBD /* Utilities.swift */; };
		99C9B24D2C01ECCB008D7CBD /* NotoSansKR-Bold.ttf in Resources */ = {isa = PBXBuildFile; fileRef = 99C9B24B2C01DDF1008D7CBD /* NotoSansKR-Bold.ttf */; };
		99C9B24E2C01ECCE008D7CBD /* NotoSansKR-Medium.ttf in Resources */ = {isa = PBXBuildFile; fileRef = 99C9B24C2C01DDF7008D7CBD /* NotoSansKR-Medium.ttf */; };
		99C9B2502C0229CF008D7CBD /* AccountLoginView.swift in Sources */ = {isa = PBXBuildFile; fileRef = 99C9B24F2C0229CF008D7CBD /* AccountLoginView.swift */; };
		99C9B2522C022DE3008D7CBD /* AccountLoginController.swift in Sources */ = {isa = PBXBuildFile; fileRef = 99C9B2512C022DE3008D7CBD /* AccountLoginController.swift */; };
		99D11EB12C06F56F006BE265 /* CustomButton.swift in Sources */ = {isa = PBXBuildFile; fileRef = 99D11EB02C06F56F006BE265 /* CustomButton.swift */; };
		99F78F172C09B10D004C0C72 /* FindAccountOptionsView.swift in Sources */ = {isa = PBXBuildFile; fileRef = 99F78F162C09B10D004C0C72 /* FindAccountOptionsView.swift */; };
		99F78F1C2C09BB8F004C0C72 /* FindAccountController.swift in Sources */ = {isa = PBXBuildFile; fileRef = 99F78F1B2C09BB8F004C0C72 /* FindAccountController.swift */; };
		99F78F1E2C09C98D004C0C72 /* SearchIDView.swift in Sources */ = {isa = PBXBuildFile; fileRef = 99F78F1D2C09C98D004C0C72 /* SearchIDView.swift */; };
		99F9FADA2C0B3306005B36B9 /* LoginAuthentication.swift in Sources */ = {isa = PBXBuildFile; fileRef = 99F9FAD92C0B3306005B36B9 /* LoginAuthentication.swift */; };
		99F9FADE2C0B6187005B36B9 /* SearchIDViewController.swift in Sources */ = {isa = PBXBuildFile; fileRef = 99F9FADD2C0B6187005B36B9 /* SearchIDViewController.swift */; };
		D79EFAD9E5409233E5338E46 /* Pods_Where_Are_You.framework in Frameworks */ = {isa = PBXBuildFile; fileRef = A65D158E4FE647BC00BD20B1 /* Pods_Where_Are_You.framework */; };
/* End PBXBuildFile section */

/* Begin PBXFileReference section */
		0FC7C11057ACE416B59D9BFA /* Pods-Where_Are_You.debug.xcconfig */ = {isa = PBXFileReference; includeInIndex = 1; lastKnownFileType = text.xcconfig; name = "Pods-Where_Are_You.debug.xcconfig"; path = "Target Support Files/Pods-Where_Are_You/Pods-Where_Are_You.debug.xcconfig"; sourceTree = "<group>"; };
		995358392C00C555005BF799 /* Where_Are_You.app */ = {isa = PBXFileReference; explicitFileType = wrapper.application; includeInIndex = 0; path = Where_Are_You.app; sourceTree = BUILT_PRODUCTS_DIR; };
		9953583C2C00C555005BF799 /* AppDelegate.swift */ = {isa = PBXFileReference; lastKnownFileType = sourcecode.swift; path = AppDelegate.swift; sourceTree = "<group>"; };
		9953583E2C00C555005BF799 /* SceneDelegate.swift */ = {isa = PBXFileReference; lastKnownFileType = sourcecode.swift; path = SceneDelegate.swift; sourceTree = "<group>"; };
		995358402C00C555005BF799 /* LoginViewController.swift */ = {isa = PBXFileReference; lastKnownFileType = sourcecode.swift; path = LoginViewController.swift; sourceTree = "<group>"; };
		995358462C00C555005BF799 /* Where_Are_You.xcdatamodel */ = {isa = PBXFileReference; lastKnownFileType = wrapper.xcdatamodel; path = Where_Are_You.xcdatamodel; sourceTree = "<group>"; };
		995358482C00C558005BF799 /* Assets.xcassets */ = {isa = PBXFileReference; lastKnownFileType = folder.assetcatalog; path = Assets.xcassets; sourceTree = "<group>"; };
		9953584B2C00C558005BF799 /* Base */ = {isa = PBXFileReference; lastKnownFileType = file.storyboard; name = Base; path = Base.lproj/LaunchScreen.storyboard; sourceTree = "<group>"; };
		9953584D2C00C558005BF799 /* Info.plist */ = {isa = PBXFileReference; lastKnownFileType = text.plist.xml; path = Info.plist; sourceTree = "<group>"; };
		995358542C00DB0A005BF799 /* .swiftlint.yml */ = {isa = PBXFileReference; lastKnownFileType = text.yaml; path = .swiftlint.yml; sourceTree = "<group>"; };
		99C9B2282C0197CA008D7CBD /* User.swift */ = {isa = PBXFileReference; lastKnownFileType = sourcecode.swift; path = User.swift; sourceTree = "<group>"; };
		99C9B22B2C019C67008D7CBD /* LoginView.swift */ = {isa = PBXFileReference; lastKnownFileType = sourcecode.swift; path = LoginView.swift; sourceTree = "<group>"; };
		99C9B2312C01A45C008D7CBD /* Extensions.swift */ = {isa = PBXFileReference; lastKnownFileType = sourcecode.swift; path = Extensions.swift; sourceTree = "<group>"; };
		99C9B23A2C01ACBE008D7CBD /* Ttangsbudaejjigae-Medium.otf */ = {isa = PBXFileReference; lastKnownFileType = file; path = "Ttangsbudaejjigae-Medium.otf"; sourceTree = "<group>"; };
		99C9B23B2C01ACBE008D7CBD /* Ttangsbudaejjigae-Bold.otf */ = {isa = PBXFileReference; lastKnownFileType = file; path = "Ttangsbudaejjigae-Bold.otf"; sourceTree = "<group>"; };
		99C9B23C2C01ACBE008D7CBD /* Ttangsbudaejjigae-Light.otf */ = {isa = PBXFileReference; lastKnownFileType = file; path = "Ttangsbudaejjigae-Light.otf"; sourceTree = "<group>"; };
		99C9B2412C01CE4C008D7CBD /* LoginViewModel.swift */ = {isa = PBXFileReference; lastKnownFileType = sourcecode.swift; path = LoginViewModel.swift; sourceTree = "<group>"; };
		99C9B2472C01D2B7008D7CBD /* Utilities.swift */ = {isa = PBXFileReference; lastKnownFileType = sourcecode.swift; path = Utilities.swift; sourceTree = "<group>"; };
		99C9B24B2C01DDF1008D7CBD /* NotoSansKR-Bold.ttf */ = {isa = PBXFileReference; lastKnownFileType = file; path = "NotoSansKR-Bold.ttf"; sourceTree = "<group>"; };
		99C9B24C2C01DDF7008D7CBD /* NotoSansKR-Medium.ttf */ = {isa = PBXFileReference; lastKnownFileType = file; path = "NotoSansKR-Medium.ttf"; sourceTree = "<group>"; };
		99C9B24F2C0229CF008D7CBD /* AccountLoginView.swift */ = {isa = PBXFileReference; lastKnownFileType = sourcecode.swift; path = AccountLoginView.swift; sourceTree = "<group>"; };
		99C9B2512C022DE3008D7CBD /* AccountLoginController.swift */ = {isa = PBXFileReference; lastKnownFileType = sourcecode.swift; path = AccountLoginController.swift; sourceTree = "<group>"; };
		99D11EB02C06F56F006BE265 /* CustomButton.swift */ = {isa = PBXFileReference; lastKnownFileType = sourcecode.swift; path = CustomButton.swift; sourceTree = "<group>"; };
		99F78F162C09B10D004C0C72 /* FindAccountOptionsView.swift */ = {isa = PBXFileReference; lastKnownFileType = sourcecode.swift; path = FindAccountOptionsView.swift; sourceTree = "<group>"; };
		99F78F1B2C09BB8F004C0C72 /* FindAccountController.swift */ = {isa = PBXFileReference; lastKnownFileType = sourcecode.swift; path = FindAccountController.swift; sourceTree = "<group>"; };
		99F78F1D2C09C98D004C0C72 /* SearchIDView.swift */ = {isa = PBXFileReference; lastKnownFileType = sourcecode.swift; path = SearchIDView.swift; sourceTree = "<group>"; };
		99F9FAD92C0B3306005B36B9 /* LoginAuthentication.swift */ = {isa = PBXFileReference; lastKnownFileType = sourcecode.swift; path = LoginAuthentication.swift; sourceTree = "<group>"; };
		99F9FADD2C0B6187005B36B9 /* SearchIDViewController.swift */ = {isa = PBXFileReference; lastKnownFileType = sourcecode.swift; path = SearchIDViewController.swift; sourceTree = "<group>"; };
		A65D158E4FE647BC00BD20B1 /* Pods_Where_Are_You.framework */ = {isa = PBXFileReference; explicitFileType = wrapper.framework; includeInIndex = 0; path = Pods_Where_Are_You.framework; sourceTree = BUILT_PRODUCTS_DIR; };
		AA5015275FE458D5F6450041 /* Pods-Where_Are_You.release.xcconfig */ = {isa = PBXFileReference; includeInIndex = 1; lastKnownFileType = text.xcconfig; name = "Pods-Where_Are_You.release.xcconfig"; path = "Target Support Files/Pods-Where_Are_You/Pods-Where_Are_You.release.xcconfig"; sourceTree = "<group>"; };
/* End PBXFileReference section */

/* Begin PBXFrameworksBuildPhase section */
		995358362C00C555005BF799 /* Frameworks */ = {
			isa = PBXFrameworksBuildPhase;
			buildActionMask = 2147483647;
			files = (
				D79EFAD9E5409233E5338E46 /* Pods_Where_Are_You.framework in Frameworks */,
			);
			runOnlyForDeploymentPostprocessing = 0;
		};
/* End PBXFrameworksBuildPhase section */

/* Begin PBXGroup section */
		845BA8E98CE42E670AD8FFDA /* Pods */ = {
			isa = PBXGroup;
			children = (
				0FC7C11057ACE416B59D9BFA /* Pods-Where_Are_You.debug.xcconfig */,
				AA5015275FE458D5F6450041 /* Pods-Where_Are_You.release.xcconfig */,
			);
			path = Pods;
			sourceTree = "<group>";
		};
		995358302C00C555005BF799 = {
			isa = PBXGroup;
			children = (
				995358542C00DB0A005BF799 /* .swiftlint.yml */,
				9953583B2C00C555005BF799 /* Where_Are_You */,
				9953583A2C00C555005BF799 /* Products */,
				845BA8E98CE42E670AD8FFDA /* Pods */,
				AD1C714E32C1CFC6F61EAA5F /* Frameworks */,
			);
			sourceTree = "<group>";
		};
		9953583A2C00C555005BF799 /* Products */ = {
			isa = PBXGroup;
			children = (
				995358392C00C555005BF799 /* Where_Are_You.app */,
			);
			name = Products;
			sourceTree = "<group>";
		};
		9953583B2C00C555005BF799 /* Where_Are_You */ = {
			isa = PBXGroup;
			children = (
				9953583C2C00C555005BF799 /* AppDelegate.swift */,
				9953583E2C00C555005BF799 /* SceneDelegate.swift */,
				99C9B2222C01973C008D7CBD /* Domain */,
				99D5060B2C08A77900A6CF7B /* Data */,
				99C9B2232C01973E008D7CBD /* Presentation */,
				99C9B2262C019748008D7CBD /* Utils */,
				99D11EBB2C07848B006BE265 /* Resources */,
			);
			path = Where_Are_You;
			sourceTree = "<group>";
		};
		99C9B2222C01973C008D7CBD /* Domain */ = {
			isa = PBXGroup;
			children = (
				99D11EB22C07836C006BE265 /* Entities */,
			);
			path = Domain;
			sourceTree = "<group>";
		};
		99C9B2232C01973E008D7CBD /* Presentation */ = {
			isa = PBXGroup;
			children = (
				99D11EB42C078389006BE265 /* ViewControllers */,
				99C9B22A2C019AC2008D7CBD /* Views */,
				99D11EB52C0783CC006BE265 /* ViewModels */,
			);
			path = Presentation;
			sourceTree = "<group>";
		};
		99C9B2262C019748008D7CBD /* Utils */ = {
			isa = PBXGroup;
			children = (
				99C9B2312C01A45C008D7CBD /* Extensions.swift */,
				99C9B2472C01D2B7008D7CBD /* Utilities.swift */,
				99D11EB02C06F56F006BE265 /* CustomButton.swift */,
			);
			path = Utils;
			sourceTree = "<group>";
		};
		99C9B22A2C019AC2008D7CBD /* Views */ = {
			isa = PBXGroup;
			children = (
				99F78F192C09B118004C0C72 /* Login */,
				99F78F182C09B111004C0C72 /* FindAccount */,
			);
			path = Views;
			sourceTree = "<group>";
		};
		99C9B22D2C019E16008D7CBD /* Fonts */ = {
			isa = PBXGroup;
			children = (
				99C9B24B2C01DDF1008D7CBD /* NotoSansKR-Bold.ttf */,
				99C9B24C2C01DDF7008D7CBD /* NotoSansKR-Medium.ttf */,
				99C9B23B2C01ACBE008D7CBD /* Ttangsbudaejjigae-Bold.otf */,
				99C9B23C2C01ACBE008D7CBD /* Ttangsbudaejjigae-Light.otf */,
				99C9B23A2C01ACBE008D7CBD /* Ttangsbudaejjigae-Medium.otf */,
			);
			path = Fonts;
			sourceTree = "<group>";
		};
		99C9B2532C0231B2008D7CBD /* Login */ = {
			isa = PBXGroup;
			children = (
				995358402C00C555005BF799 /* LoginViewController.swift */,
				99C9B2512C022DE3008D7CBD /* AccountLoginController.swift */,
			);
			path = Login;
			sourceTree = "<group>";
		};
		99D11EB22C07836C006BE265 /* Entities */ = {
			isa = PBXGroup;
			children = (
				99C9B2282C0197CA008D7CBD /* User.swift */,
				99F9FAD92C0B3306005B36B9 /* LoginAuthentication.swift */,
			);
			path = Entities;
			sourceTree = "<group>";
		};
		99D11EB42C078389006BE265 /* ViewControllers */ = {
			isa = PBXGroup;
			children = (
				99C9B2532C0231B2008D7CBD /* Login */,
				99F78F1A2C09BB7D004C0C72 /* FindAccount */,
			);
			path = ViewControllers;
			sourceTree = "<group>";
		};
		99D11EB52C0783CC006BE265 /* ViewModels */ = {
			isa = PBXGroup;
			children = (
				99C9B2412C01CE4C008D7CBD /* LoginViewModel.swift */,
			);
			path = ViewModels;
			sourceTree = "<group>";
		};
		99D11EBB2C07848B006BE265 /* Resources */ = {
			isa = PBXGroup;
			children = (
				99C9B22D2C019E16008D7CBD /* Fonts */,
				9953584A2C00C558005BF799 /* LaunchScreen.storyboard */,
				9953584D2C00C558005BF799 /* Info.plist */,
				995358482C00C558005BF799 /* Assets.xcassets */,
				995358452C00C555005BF799 /* Where_Are_You.xcdatamodeld */,
			);
			path = Resources;
			sourceTree = "<group>";
		};
		99D5060B2C08A77900A6CF7B /* Data */ = {
			isa = PBXGroup;
			children = (
			);
			path = Data;
			sourceTree = "<group>";
		};
		99F78F182C09B111004C0C72 /* FindAccount */ = {
			isa = PBXGroup;
			children = (
				99F78F162C09B10D004C0C72 /* FindAccountOptionsView.swift */,
				99F78F1D2C09C98D004C0C72 /* SearchIDView.swift */,
			);
			path = FindAccount;
			sourceTree = "<group>";
		};
		99F78F192C09B118004C0C72 /* Login */ = {
			isa = PBXGroup;
			children = (
				99C9B22B2C019C67008D7CBD /* LoginView.swift */,
				99C9B24F2C0229CF008D7CBD /* AccountLoginView.swift */,
			);
			path = Login;
			sourceTree = "<group>";
		};
		99F78F1A2C09BB7D004C0C72 /* FindAccount */ = {
			isa = PBXGroup;
			children = (
				99F78F1B2C09BB8F004C0C72 /* FindAccountController.swift */,
				99F9FADD2C0B6187005B36B9 /* SearchIDViewController.swift */,
			);
			path = FindAccount;
			sourceTree = "<group>";
		};
		AD1C714E32C1CFC6F61EAA5F /* Frameworks */ = {
			isa = PBXGroup;
			children = (
				A65D158E4FE647BC00BD20B1 /* Pods_Where_Are_You.framework */,
			);
			name = Frameworks;
			sourceTree = "<group>";
		};
/* End PBXGroup section */

/* Begin PBXNativeTarget section */
		995358382C00C555005BF799 /* Where_Are_You */ = {
			isa = PBXNativeTarget;
			buildConfigurationList = 995358502C00C558005BF799 /* Build configuration list for PBXNativeTarget "Where_Are_You" */;
			buildPhases = (
				EDB836E012B1B63E11E43758 /* [CP] Check Pods Manifest.lock */,
				995358352C00C555005BF799 /* Sources */,
				995358362C00C555005BF799 /* Frameworks */,
				995358372C00C555005BF799 /* Resources */,
				EF0470B36CB3B873433BFAD6 /* [CP] Embed Pods Frameworks */,
				995358532C00D614005BF799 /* ShellScript */,
			);
			buildRules = (
			);
			dependencies = (
			);
			name = Where_Are_You;
			productName = Where_Are_You;
			productReference = 995358392C00C555005BF799 /* Where_Are_You.app */;
			productType = "com.apple.product-type.application";
		};
/* End PBXNativeTarget section */

/* Begin PBXProject section */
		995358312C00C555005BF799 /* Project object */ = {
			isa = PBXProject;
			attributes = {
				BuildIndependentTargetsInParallel = 1;
				LastSwiftUpdateCheck = 1540;
				LastUpgradeCheck = 1540;
				TargetAttributes = {
					995358382C00C555005BF799 = {
						CreatedOnToolsVersion = 15.4;
					};
				};
			};
			buildConfigurationList = 995358342C00C555005BF799 /* Build configuration list for PBXProject "Where_Are_You" */;
			compatibilityVersion = "Xcode 14.0";
			developmentRegion = en;
			hasScannedForEncodings = 0;
			knownRegions = (
				en,
				Base,
			);
			mainGroup = 995358302C00C555005BF799;
			productRefGroup = 9953583A2C00C555005BF799 /* Products */;
			projectDirPath = "";
			projectRoot = "";
			targets = (
				995358382C00C555005BF799 /* Where_Are_You */,
			);
		};
/* End PBXProject section */

/* Begin PBXResourcesBuildPhase section */
		995358372C00C555005BF799 /* Resources */ = {
			isa = PBXResourcesBuildPhase;
			buildActionMask = 2147483647;
			files = (
				995358552C00DB0A005BF799 /* .swiftlint.yml in Resources */,
				99C9B24E2C01ECCE008D7CBD /* NotoSansKR-Medium.ttf in Resources */,
				99C9B23F2C01ACBE008D7CBD /* Ttangsbudaejjigae-Light.otf in Resources */,
				99C9B23D2C01ACBE008D7CBD /* Ttangsbudaejjigae-Medium.otf in Resources */,
				995358492C00C558005BF799 /* Assets.xcassets in Resources */,
				9953584C2C00C558005BF799 /* Base in Resources */,
				99C9B24D2C01ECCB008D7CBD /* NotoSansKR-Bold.ttf in Resources */,
				99C9B23E2C01ACBE008D7CBD /* Ttangsbudaejjigae-Bold.otf in Resources */,
			);
			runOnlyForDeploymentPostprocessing = 0;
		};
/* End PBXResourcesBuildPhase section */

/* Begin PBXShellScriptBuildPhase section */
		995358532C00D614005BF799 /* ShellScript */ = {
			isa = PBXShellScriptBuildPhase;
			alwaysOutOfDate = 1;
			buildActionMask = 2147483647;
			files = (
			);
			inputFileListPaths = (
			);
			inputPaths = (
			);
			outputFileListPaths = (
			);
			outputPaths = (
			);
			runOnlyForDeploymentPostprocessing = 0;
			shellPath = /bin/sh;
			shellScript = "\"${PODS_ROOT}/SwiftLint/swiftlint\"\n";
		};
		EDB836E012B1B63E11E43758 /* [CP] Check Pods Manifest.lock */ = {
			isa = PBXShellScriptBuildPhase;
			buildActionMask = 2147483647;
			files = (
			);
			inputFileListPaths = (
			);
			inputPaths = (
				"${PODS_PODFILE_DIR_PATH}/Podfile.lock",
				"${PODS_ROOT}/Manifest.lock",
			);
			name = "[CP] Check Pods Manifest.lock";
			outputFileListPaths = (
			);
			outputPaths = (
				"$(DERIVED_FILE_DIR)/Pods-Where_Are_You-checkManifestLockResult.txt",
			);
			runOnlyForDeploymentPostprocessing = 0;
			shellPath = /bin/sh;
			shellScript = "diff \"${PODS_PODFILE_DIR_PATH}/Podfile.lock\" \"${PODS_ROOT}/Manifest.lock\" > /dev/null\nif [ $? != 0 ] ; then\n    # print error to STDERR\n    echo \"error: The sandbox is not in sync with the Podfile.lock. Run 'pod install' or update your CocoaPods installation.\" >&2\n    exit 1\nfi\n# This output is used by Xcode 'outputs' to avoid re-running this script phase.\necho \"SUCCESS\" > \"${SCRIPT_OUTPUT_FILE_0}\"\n";
			showEnvVarsInLog = 0;
		};
		EF0470B36CB3B873433BFAD6 /* [CP] Embed Pods Frameworks */ = {
			isa = PBXShellScriptBuildPhase;
			buildActionMask = 2147483647;
			files = (
			);
			inputFileListPaths = (
				"${PODS_ROOT}/Target Support Files/Pods-Where_Are_You/Pods-Where_Are_You-frameworks-${CONFIGURATION}-input-files.xcfilelist",
			);
			name = "[CP] Embed Pods Frameworks";
			outputFileListPaths = (
				"${PODS_ROOT}/Target Support Files/Pods-Where_Are_You/Pods-Where_Are_You-frameworks-${CONFIGURATION}-output-files.xcfilelist",
			);
			runOnlyForDeploymentPostprocessing = 0;
			shellPath = /bin/sh;
			shellScript = "\"${PODS_ROOT}/Target Support Files/Pods-Where_Are_You/Pods-Where_Are_You-frameworks.sh\"\n";
			showEnvVarsInLog = 0;
		};
/* End PBXShellScriptBuildPhase section */

/* Begin PBXSourcesBuildPhase section */
		995358352C00C555005BF799 /* Sources */ = {
			isa = PBXSourcesBuildPhase;
			buildActionMask = 2147483647;
			files = (
				995358472C00C555005BF799 /* Where_Are_You.xcdatamodeld in Sources */,
				99C9B22C2C019C67008D7CBD /* LoginView.swift in Sources */,
				995358412C00C555005BF799 /* LoginViewController.swift in Sources */,
				99D11EB12C06F56F006BE265 /* CustomButton.swift in Sources */,
				99F78F1E2C09C98D004C0C72 /* SearchIDView.swift in Sources */,
				9953583D2C00C555005BF799 /* AppDelegate.swift in Sources */,
				99C9B2422C01CE4C008D7CBD /* LoginViewModel.swift in Sources */,
				99F78F172C09B10D004C0C72 /* FindAccountOptionsView.swift in Sources */,
				99C9B2292C0197CA008D7CBD /* User.swift in Sources */,
				99F9FADE2C0B6187005B36B9 /* SearchIDViewController.swift in Sources */,
				99C9B2482C01D2B7008D7CBD /* Utilities.swift in Sources */,
				99C9B2522C022DE3008D7CBD /* AccountLoginController.swift in Sources */,
				99F78F1C2C09BB8F004C0C72 /* FindAccountController.swift in Sources */,
				9953583F2C00C555005BF799 /* SceneDelegate.swift in Sources */,
				99F9FADA2C0B3306005B36B9 /* LoginAuthentication.swift in Sources */,
				99C9B2322C01A45C008D7CBD /* Extensions.swift in Sources */,
				99C9B2502C0229CF008D7CBD /* AccountLoginView.swift in Sources */,
			);
			runOnlyForDeploymentPostprocessing = 0;
		};
/* End PBXSourcesBuildPhase section */

/* Begin PBXVariantGroup section */
		9953584A2C00C558005BF799 /* LaunchScreen.storyboard */ = {
			isa = PBXVariantGroup;
			children = (
				9953584B2C00C558005BF799 /* Base */,
			);
			name = LaunchScreen.storyboard;
			sourceTree = "<group>";
		};
/* End PBXVariantGroup section */

/* Begin XCBuildConfiguration section */
		9953584E2C00C558005BF799 /* Debug */ = {
			isa = XCBuildConfiguration;
			buildSettings = {
				ALWAYS_SEARCH_USER_PATHS = NO;
				ASSETCATALOG_COMPILER_GENERATE_SWIFT_ASSET_SYMBOL_EXTENSIONS = YES;
				CLANG_ANALYZER_NONNULL = YES;
				CLANG_ANALYZER_NUMBER_OBJECT_CONVERSION = YES_AGGRESSIVE;
				CLANG_CXX_LANGUAGE_STANDARD = "gnu++20";
				CLANG_ENABLE_MODULES = YES;
				CLANG_ENABLE_OBJC_ARC = YES;
				CLANG_ENABLE_OBJC_WEAK = YES;
				CLANG_WARN_BLOCK_CAPTURE_AUTORELEASING = YES;
				CLANG_WARN_BOOL_CONVERSION = YES;
				CLANG_WARN_COMMA = YES;
				CLANG_WARN_CONSTANT_CONVERSION = YES;
				CLANG_WARN_DEPRECATED_OBJC_IMPLEMENTATIONS = YES;
				CLANG_WARN_DIRECT_OBJC_ISA_USAGE = YES_ERROR;
				CLANG_WARN_DOCUMENTATION_COMMENTS = YES;
				CLANG_WARN_EMPTY_BODY = YES;
				CLANG_WARN_ENUM_CONVERSION = YES;
				CLANG_WARN_INFINITE_RECURSION = YES;
				CLANG_WARN_INT_CONVERSION = YES;
				CLANG_WARN_NON_LITERAL_NULL_CONVERSION = YES;
				CLANG_WARN_OBJC_IMPLICIT_RETAIN_SELF = YES;
				CLANG_WARN_OBJC_LITERAL_CONVERSION = YES;
				CLANG_WARN_OBJC_ROOT_CLASS = YES_ERROR;
				CLANG_WARN_QUOTED_INCLUDE_IN_FRAMEWORK_HEADER = YES;
				CLANG_WARN_RANGE_LOOP_ANALYSIS = YES;
				CLANG_WARN_STRICT_PROTOTYPES = YES;
				CLANG_WARN_SUSPICIOUS_MOVE = YES;
				CLANG_WARN_UNGUARDED_AVAILABILITY = YES_AGGRESSIVE;
				CLANG_WARN_UNREACHABLE_CODE = YES;
				CLANG_WARN__DUPLICATE_METHOD_MATCH = YES;
				COPY_PHASE_STRIP = NO;
				DEBUG_INFORMATION_FORMAT = dwarf;
				ENABLE_STRICT_OBJC_MSGSEND = YES;
				ENABLE_TESTABILITY = YES;
				ENABLE_USER_SCRIPT_SANDBOXING = NO;
				GCC_C_LANGUAGE_STANDARD = gnu17;
				GCC_DYNAMIC_NO_PIC = NO;
				GCC_NO_COMMON_BLOCKS = YES;
				GCC_OPTIMIZATION_LEVEL = 0;
				GCC_PREPROCESSOR_DEFINITIONS = (
					"DEBUG=1",
					"$(inherited)",
				);
				GCC_WARN_64_TO_32_BIT_CONVERSION = YES;
				GCC_WARN_ABOUT_RETURN_TYPE = YES_ERROR;
				GCC_WARN_UNDECLARED_SELECTOR = YES;
				GCC_WARN_UNINITIALIZED_AUTOS = YES_AGGRESSIVE;
				GCC_WARN_UNUSED_FUNCTION = YES;
				GCC_WARN_UNUSED_VARIABLE = YES;
				IPHONEOS_DEPLOYMENT_TARGET = 17.5;
				LOCALIZATION_PREFERS_STRING_CATALOGS = YES;
				MTL_ENABLE_DEBUG_INFO = INCLUDE_SOURCE;
				MTL_FAST_MATH = YES;
				ONLY_ACTIVE_ARCH = YES;
				SDKROOT = iphoneos;
				SWIFT_ACTIVE_COMPILATION_CONDITIONS = "DEBUG $(inherited)";
				SWIFT_OPTIMIZATION_LEVEL = "-Onone";
			};
			name = Debug;
		};
		9953584F2C00C558005BF799 /* Release */ = {
			isa = XCBuildConfiguration;
			buildSettings = {
				ALWAYS_SEARCH_USER_PATHS = NO;
				ASSETCATALOG_COMPILER_GENERATE_SWIFT_ASSET_SYMBOL_EXTENSIONS = YES;
				CLANG_ANALYZER_NONNULL = YES;
				CLANG_ANALYZER_NUMBER_OBJECT_CONVERSION = YES_AGGRESSIVE;
				CLANG_CXX_LANGUAGE_STANDARD = "gnu++20";
				CLANG_ENABLE_MODULES = YES;
				CLANG_ENABLE_OBJC_ARC = YES;
				CLANG_ENABLE_OBJC_WEAK = YES;
				CLANG_WARN_BLOCK_CAPTURE_AUTORELEASING = YES;
				CLANG_WARN_BOOL_CONVERSION = YES;
				CLANG_WARN_COMMA = YES;
				CLANG_WARN_CONSTANT_CONVERSION = YES;
				CLANG_WARN_DEPRECATED_OBJC_IMPLEMENTATIONS = YES;
				CLANG_WARN_DIRECT_OBJC_ISA_USAGE = YES_ERROR;
				CLANG_WARN_DOCUMENTATION_COMMENTS = YES;
				CLANG_WARN_EMPTY_BODY = YES;
				CLANG_WARN_ENUM_CONVERSION = YES;
				CLANG_WARN_INFINITE_RECURSION = YES;
				CLANG_WARN_INT_CONVERSION = YES;
				CLANG_WARN_NON_LITERAL_NULL_CONVERSION = YES;
				CLANG_WARN_OBJC_IMPLICIT_RETAIN_SELF = YES;
				CLANG_WARN_OBJC_LITERAL_CONVERSION = YES;
				CLANG_WARN_OBJC_ROOT_CLASS = YES_ERROR;
				CLANG_WARN_QUOTED_INCLUDE_IN_FRAMEWORK_HEADER = YES;
				CLANG_WARN_RANGE_LOOP_ANALYSIS = YES;
				CLANG_WARN_STRICT_PROTOTYPES = YES;
				CLANG_WARN_SUSPICIOUS_MOVE = YES;
				CLANG_WARN_UNGUARDED_AVAILABILITY = YES_AGGRESSIVE;
				CLANG_WARN_UNREACHABLE_CODE = YES;
				CLANG_WARN__DUPLICATE_METHOD_MATCH = YES;
				COPY_PHASE_STRIP = NO;
				DEBUG_INFORMATION_FORMAT = "dwarf-with-dsym";
				ENABLE_NS_ASSERTIONS = NO;
				ENABLE_STRICT_OBJC_MSGSEND = YES;
				ENABLE_USER_SCRIPT_SANDBOXING = NO;
				GCC_C_LANGUAGE_STANDARD = gnu17;
				GCC_NO_COMMON_BLOCKS = YES;
				GCC_WARN_64_TO_32_BIT_CONVERSION = YES;
				GCC_WARN_ABOUT_RETURN_TYPE = YES_ERROR;
				GCC_WARN_UNDECLARED_SELECTOR = YES;
				GCC_WARN_UNINITIALIZED_AUTOS = YES_AGGRESSIVE;
				GCC_WARN_UNUSED_FUNCTION = YES;
				GCC_WARN_UNUSED_VARIABLE = YES;
				IPHONEOS_DEPLOYMENT_TARGET = 17.5;
				LOCALIZATION_PREFERS_STRING_CATALOGS = YES;
				MTL_ENABLE_DEBUG_INFO = NO;
				MTL_FAST_MATH = YES;
				SDKROOT = iphoneos;
				SWIFT_COMPILATION_MODE = wholemodule;
				VALIDATE_PRODUCT = YES;
			};
			name = Release;
		};
		995358512C00C558005BF799 /* Debug */ = {
			isa = XCBuildConfiguration;
			baseConfigurationReference = 0FC7C11057ACE416B59D9BFA /* Pods-Where_Are_You.debug.xcconfig */;
			buildSettings = {
				ASSETCATALOG_COMPILER_APPICON_NAME = AppIcon;
				ASSETCATALOG_COMPILER_GLOBAL_ACCENT_COLOR_NAME = AccentColor;
				CODE_SIGN_STYLE = Automatic;
				CURRENT_PROJECT_VERSION = 1;
				DEVELOPMENT_TEAM = 8CKPNKA3V9;
				GENERATE_INFOPLIST_FILE = YES;
				INFOPLIST_FILE = "$(SRCROOT)/Where_Are_You/Resources/Info.plist";
				INFOPLIST_KEY_UIApplicationSupportsIndirectInputEvents = YES;
				INFOPLIST_KEY_UILaunchStoryboardName = LaunchScreen;
				INFOPLIST_KEY_UISupportedInterfaceOrientations_iPad = "UIInterfaceOrientationPortrait UIInterfaceOrientationPortraitUpsideDown UIInterfaceOrientationLandscapeLeft UIInterfaceOrientationLandscapeRight";
				INFOPLIST_KEY_UISupportedInterfaceOrientations_iPhone = "UIInterfaceOrientationPortrait UIInterfaceOrientationLandscapeLeft UIInterfaceOrientationLandscapeRight";
				IPHONEOS_DEPLOYMENT_TARGET = 13.0;
				LD_RUNPATH_SEARCH_PATHS = (
					"$(inherited)",
					"@executable_path/Frameworks",
				);
				MARKETING_VERSION = 1.0;
				PRODUCT_BUNDLE_IDENTIFIER = "com.Ben.Where-Are-You";
				PRODUCT_NAME = "$(TARGET_NAME)";
				SUPPORTED_PLATFORMS = "iphoneos iphonesimulator";
				SUPPORTS_MACCATALYST = NO;
				SUPPORTS_MAC_DESIGNED_FOR_IPHONE_IPAD = NO;
				SUPPORTS_XR_DESIGNED_FOR_IPHONE_IPAD = NO;
				SWIFT_EMIT_LOC_STRINGS = YES;
				SWIFT_VERSION = 5.0;
				TARGETED_DEVICE_FAMILY = "1,2";
			};
			name = Debug;
		};
		995358522C00C558005BF799 /* Release */ = {
			isa = XCBuildConfiguration;
			baseConfigurationReference = AA5015275FE458D5F6450041 /* Pods-Where_Are_You.release.xcconfig */;
			buildSettings = {
				ASSETCATALOG_COMPILER_APPICON_NAME = AppIcon;
				ASSETCATALOG_COMPILER_GLOBAL_ACCENT_COLOR_NAME = AccentColor;
				CODE_SIGN_STYLE = Automatic;
				CURRENT_PROJECT_VERSION = 1;
				DEVELOPMENT_TEAM = 8CKPNKA3V9;
				GENERATE_INFOPLIST_FILE = YES;
				INFOPLIST_FILE = "$(SRCROOT)/Where_Are_You/Resources/Info.plist";
				INFOPLIST_KEY_UIApplicationSupportsIndirectInputEvents = YES;
				INFOPLIST_KEY_UILaunchStoryboardName = LaunchScreen;
				INFOPLIST_KEY_UISupportedInterfaceOrientations_iPad = "UIInterfaceOrientationPortrait UIInterfaceOrientationPortraitUpsideDown UIInterfaceOrientationLandscapeLeft UIInterfaceOrientationLandscapeRight";
				INFOPLIST_KEY_UISupportedInterfaceOrientations_iPhone = "UIInterfaceOrientationPortrait UIInterfaceOrientationLandscapeLeft UIInterfaceOrientationLandscapeRight";
				IPHONEOS_DEPLOYMENT_TARGET = 13.0;
				LD_RUNPATH_SEARCH_PATHS = (
					"$(inherited)",
					"@executable_path/Frameworks",
				);
				MARKETING_VERSION = 1.0;
				PRODUCT_BUNDLE_IDENTIFIER = "com.Ben.Where-Are-You";
				PRODUCT_NAME = "$(TARGET_NAME)";
				SUPPORTED_PLATFORMS = "iphoneos iphonesimulator";
				SUPPORTS_MACCATALYST = NO;
				SUPPORTS_MAC_DESIGNED_FOR_IPHONE_IPAD = NO;
				SUPPORTS_XR_DESIGNED_FOR_IPHONE_IPAD = NO;
				SWIFT_EMIT_LOC_STRINGS = YES;
				SWIFT_VERSION = 5.0;
				TARGETED_DEVICE_FAMILY = "1,2";
			};
			name = Release;
		};
/* End XCBuildConfiguration section */

/* Begin XCConfigurationList section */
		995358342C00C555005BF799 /* Build configuration list for PBXProject "Where_Are_You" */ = {
			isa = XCConfigurationList;
			buildConfigurations = (
				9953584E2C00C558005BF799 /* Debug */,
				9953584F2C00C558005BF799 /* Release */,
			);
			defaultConfigurationIsVisible = 0;
			defaultConfigurationName = Release;
		};
		995358502C00C558005BF799 /* Build configuration list for PBXNativeTarget "Where_Are_You" */ = {
			isa = XCConfigurationList;
			buildConfigurations = (
				995358512C00C558005BF799 /* Debug */,
				995358522C00C558005BF799 /* Release */,
			);
			defaultConfigurationIsVisible = 0;
			defaultConfigurationName = Release;
		};
/* End XCConfigurationList section */

/* Begin XCVersionGroup section */
		995358452C00C555005BF799 /* Where_Are_You.xcdatamodeld */ = {
			isa = XCVersionGroup;
			children = (
				995358462C00C555005BF799 /* Where_Are_You.xcdatamodel */,
			);
			currentVersion = 995358462C00C555005BF799 /* Where_Are_You.xcdatamodel */;
			path = Where_Are_You.xcdatamodeld;
			sourceTree = "<group>";
			versionGroupType = wrapper.xcdatamodel;
		};
/* End XCVersionGroup section */
	};
	rootObject = 995358312C00C555005BF799 /* Project object */;
}
